
Microsoft Visual Studio Solution File, Format Version 12.00
# Visual Studio Version 17
VisualStudioVersion = 17.8.34330.188
MinimumVisualStudioVersion = 10.0.40219.1
Project("{FAE04EC0-301F-11D3-BF4B-00C04F79EFBC}") = "JoyFul.API", "JoyFul.API\JoyFul.API.csproj", "{6354E985-3E3C-41C7-B4BF-A6C1277D409E}"
EndProject
Global
	GlobalSection(SolutionConfigurationPlatforms) = preSolution
		Debug|Any CPU = Debug|Any CPU
		Release|Any CPU = Release|Any CPU
	EndGlobalSection
	GlobalSection(ProjectConfigurationPlatforms) = postSolution
		{6354E985-3E3C-41C7-B4BF-A6C1277D409E}.Debug|Any CPU.ActiveCfg = Debug|Any CPU
		{6354E985-3E3C-41C7-B4BF-A6C1277D409E}.Debug|Any CPU.Build.0 = Debug|Any CPU
		{6354E985-3E3C-41C7-B4BF-A6C1277D409E}.Release|Any CPU.ActiveCfg = Release|Any CPU
		{6354E985-3E3C-41C7-B4BF-A6C1277D409E}.Release|Any CPU.Build.0 = Release|Any CPU
	EndGlobalSection
	GlobalSection(SolutionProperties) = preSolution
		HideSolutionNode = FALSE
	EndGlobalSection
	GlobalSection(ExtensibilityGlobals) = postSolution
		SolutionGuid = {523C6A7A-17B4-4012-B4A8-325F0A7629B5}
	EndGlobalSection
EndGlobal
